{
  "name": "worker",
  "version": "1.0.0",
  "lockfileVersion": 3,
  "requires": true,
  "packages": {
    "": {
      "name": "worker",
      "version": "1.0.0",
      "license": "ISC",
      "dependencies": {
        "bcryptjs": "^3.0.3",
        "itty-router": "^5.0.23"
      }
    },
    "node_modules/bcryptjs": {
      "version": "3.0.3",
      "resolved": "https://registry.npmjs.org/bcryptjs/-/bcryptjs-3.0.3.tgz",
      "integrity": "sha512-GlF5wPWnSa/X5LKM1o0wz0suXIINz1iHRLvTS+sLyi7XPbe5ycmYI3DlZqVGZZtDgl4DmasFg7gOB3JYbphV5g==",
      "license": "BSD-3-Clause",
      "bin": {
        "bcrypt": "bin/bcrypt"
      }
    },
    "node_modules/itty-router": {
      "version": "5.0.23",
      "resolved": "https://registry.npmjs.org/itty-router/-/itty-router-5.0.23.tgz",
      "integrity": "sha512-i49WU+SNPrwOZA4Z61En1RYd5h2Lcqa+5IvCpMrNi4dxymzJK15ozUUnRrWIUAv95Zamd4eJPAot2UvHRrQg7w==",
      "license": "MIT"
    }
  }
}
